
Microsoft Visual Studio Solution File, Format Version 12.00
# Visual Studio Version 17
VisualStudioVersion = 17.6.33723.286
MinimumVisualStudioVersion = 10.0.40219.1
Project("{FAE04EC0-301F-11D3-BF4B-00C04F79EFBC}") = "WebSiteStartNet2023", "WebSiteStartNet2023\WebSiteStartNet2023.csproj", "{1C45B466-F1AB-4B14-83F7-1670497B3801}"
EndProject
Global
	GlobalSection(SolutionConfigurationPlatforms) = preSolution
		Debug|Any CPU = Debug|Any CPU
		Release|Any CPU = Release|Any CPU
	EndGlobalSection
	GlobalSection(ProjectConfigurationPlatforms) = postSolution
		{1C45B466-F1AB-4B14-83F7-1670497B3801}.Debug|Any CPU.ActiveCfg = Debug|Any CPU
		{1C45B466-F1AB-4B14-83F7-1670497B3801}.Debug|Any CPU.Build.0 = Debug|Any CPU
		{1C45B466-F1AB-4B14-83F7-1670497B3801}.Release|Any CPU.ActiveCfg = Release|Any CPU
		{1C45B466-F1AB-4B14-83F7-1670497B3801}.Release|Any CPU.Build.0 = Release|Any CPU
	EndGlobalSection
	GlobalSection(SolutionProperties) = preSolution
		HideSolutionNode = FALSE
	EndGlobalSection
	GlobalSection(ExtensibilityGlobals) = postSolution
		SolutionGuid = {B5DCA3E9-DB10-4AA6-A808-77C4BEFE8FE1}
	EndGlobalSection
EndGlobal
